{
  "name": "tes-mtk",
  "version": "1.0.0",
  "lockfileVersion": 3,
  "requires": true,
  "packages": {
    "": {
      "name": "tes-mtk",
      "version": "1.0.0",
      "license": "ISC",
      "dependencies": {
        "tm": "file:../TM"
      }
    },
    "../TM": {
      "name": "tm",
      "version": "1.0.0",
      "license": "ISC"
    },
    "node_modules/tm": {
      "resolved": "../TM",
      "link": true
    }
  }
}
